Microsoft Visual Studio Solution File, Format Version 12.00
# Visual Studio 15
Project("{8BC9CEB8-8B4A-11D0-8D11-00A0C91BC942}") = "ALL_BUILD", "ALL_BUILD.vcxproj", "{CDB20198-58A3-334D-BB09-86115CD55023}"
	ProjectSection(ProjectDependencies) = postProject
		{808B9DCD-C751-3809-9C4A-500523D0EFE6} = {808B9DCD-C751-3809-9C4A-500523D0EFE6}
		{FD5D2D29-B389-3E19-9F68-6B768F18367B} = {FD5D2D29-B389-3E19-9F68-6B768F18367B}
	EndProjectSection
EndProject
Project("{8BC9CEB8-8B4A-11D0-8D11-00A0C91BC942}") = "ZERO_CHECK", "..\\ZERO_CHECK.vcxproj", "{808B9DCD-C751-3809-9C4A-500523D0EFE6}"
	ProjectSection(ProjectDependencies) = postProject
	EndProjectSection
EndProject
Project("{8BC9CEB8-8B4A-11D0-8D11-00A0C91BC942}") = "splinter", "splinter.vcxproj", "{FD5D2D29-B389-3E19-9F68-6B768F18367B}"
	ProjectSection(ProjectDependencies) = postProject
		{808B9DCD-C751-3809-9C4A-500523D0EFE6} = {808B9DCD-C751-3809-9C4A-500523D0EFE6}
	EndProjectSection
EndProject
Global
	GlobalSection(SolutionConfigurationPlatforms) = preSolution
		Debug|x64 = Debug|x64
		Release|x64 = Release|x64
	EndGlobalSection
	GlobalSection(ProjectConfigurationPlatforms) = postSolution
		{CDB20198-58A3-334D-BB09-86115CD55023}.Debug|x64.ActiveCfg = Debug|x64
		{CDB20198-58A3-334D-BB09-86115CD55023}.Release|x64.ActiveCfg = Release|x64
		{808B9DCD-C751-3809-9C4A-500523D0EFE6}.Debug|x64.ActiveCfg = Debug|x64
		{808B9DCD-C751-3809-9C4A-500523D0EFE6}.Debug|x64.Build.0 = Debug|x64
		{808B9DCD-C751-3809-9C4A-500523D0EFE6}.Release|x64.ActiveCfg = Release|x64
		{808B9DCD-C751-3809-9C4A-500523D0EFE6}.Release|x64.Build.0 = Release|x64
		{FD5D2D29-B389-3E19-9F68-6B768F18367B}.Debug|x64.ActiveCfg = Debug|x64
		{FD5D2D29-B389-3E19-9F68-6B768F18367B}.Debug|x64.Build.0 = Debug|x64
		{FD5D2D29-B389-3E19-9F68-6B768F18367B}.Release|x64.ActiveCfg = Release|x64
		{FD5D2D29-B389-3E19-9F68-6B768F18367B}.Release|x64.Build.0 = Release|x64
	EndGlobalSection
	GlobalSection(ExtensibilityGlobals) = postSolution
		SolutionGuid = {A5F69201-9E54-3F8A-B412-117FB50F79B7}
	EndGlobalSection
	GlobalSection(ExtensibilityAddIns) = postSolution
	EndGlobalSection
EndGlobal
