<?xml version="1.0" encoding="utf-8"?>
<Project ToolsVersion="15.0" xmlns="http://schemas.microsoft.com/developer/msbuild/2003">
  <ItemGroup>
    <CustomBuild Include="C:\SAM-Development\sam\ssc\build_msvc\CMakeFiles\2abc00213c38469d8a90fd8dc590b358\generate.stamp.rule">
      <Filter>CMake Rules</Filter>
    </CustomBuild>
  </ItemGroup>
  <ItemGroup>
    <Filter Include="CMake Rules">
      <UniqueIdentifier>{3442B285-099B-3827-8556-60A8BBCB2254}</UniqueIdentifier>
    </Filter>
  </ItemGroup>
</Project>
