Microsoft Visual Studio Solution File, Format Version 12.00
# Visual Studio 15
Project("{8BC9CEB8-8B4A-11D0-8D11-00A0C91BC942}") = "ALL_BUILD", "ALL_BUILD.vcxproj", "{CDB20198-58A3-334D-BB09-86115CD55023}"
	ProjectSection(ProjectDependencies) = postProject
		{808B9DCD-C751-3809-9C4A-500523D0EFE6} = {808B9DCD-C751-3809-9C4A-500523D0EFE6}
		{0455317D-8CE0-37B0-940A-F2A84D924981} = {0455317D-8CE0-37B0-940A-F2A84D924981}
	EndProjectSection
EndProject
Project("{8BC9CEB8-8B4A-11D0-8D11-00A0C91BC942}") = "ZERO_CHECK", "..\\ZERO_CHECK.vcxproj", "{808B9DCD-C751-3809-9C4A-500523D0EFE6}"
	ProjectSection(ProjectDependencies) = postProject
	EndProjectSection
EndProject
Project("{8BC9CEB8-8B4A-11D0-8D11-00A0C91BC942}") = "shared", "shared.vcxproj", "{0455317D-8CE0-37B0-940A-F2A84D924981}"
	ProjectSection(ProjectDependencies) = postProject
		{808B9DCD-C751-3809-9C4A-500523D0EFE6} = {808B9DCD-C751-3809-9C4A-500523D0EFE6}
	EndProjectSection
EndProject
Global
	GlobalSection(SolutionConfigurationPlatforms) = preSolution
		Debug|x64 = Debug|x64
		Release|x64 = Release|x64
	EndGlobalSection
	GlobalSection(ProjectConfigurationPlatforms) = postSolution
		{CDB20198-58A3-334D-BB09-86115CD55023}.Debug|x64.ActiveCfg = Debug|x64
		{CDB20198-58A3-334D-BB09-86115CD55023}.Release|x64.ActiveCfg = Release|x64
		{808B9DCD-C751-3809-9C4A-500523D0EFE6}.Debug|x64.ActiveCfg = Debug|x64
		{808B9DCD-C751-3809-9C4A-500523D0EFE6}.Debug|x64.Build.0 = Debug|x64
		{808B9DCD-C751-3809-9C4A-500523D0EFE6}.Release|x64.ActiveCfg = Release|x64
		{808B9DCD-C751-3809-9C4A-500523D0EFE6}.Release|x64.Build.0 = Release|x64
		{0455317D-8CE0-37B0-940A-F2A84D924981}.Debug|x64.ActiveCfg = Debug|x64
		{0455317D-8CE0-37B0-940A-F2A84D924981}.Debug|x64.Build.0 = Debug|x64
		{0455317D-8CE0-37B0-940A-F2A84D924981}.Release|x64.ActiveCfg = Release|x64
		{0455317D-8CE0-37B0-940A-F2A84D924981}.Release|x64.Build.0 = Release|x64
	EndGlobalSection
	GlobalSection(ExtensibilityGlobals) = postSolution
		SolutionGuid = {E9C74944-2E29-305E-8D7B-A65334DB779E}
	EndGlobalSection
	GlobalSection(ExtensibilityAddIns) = postSolution
	EndGlobalSection
EndGlobal
