<?xml version="1.0" encoding="utf-8"?>
<Project ToolsVersion="4.0" xmlns="http://schemas.microsoft.com/developer/msbuild/2003">
  <ItemGroup>
    <ClCompile Include="..\..\splinter\bspline.cpp" />
    <ClCompile Include="..\..\splinter\bsplinebasis.cpp" />
    <ClCompile Include="..\..\splinter\bsplinebasis1d.cpp" />
    <ClCompile Include="..\..\splinter\bsplinebuilder.cpp" />
    <ClCompile Include="..\..\splinter\datapoint.cpp" />
    <ClCompile Include="..\..\splinter\datatable.cpp" />
    <ClCompile Include="..\..\splinter\function.cpp" />
    <ClCompile Include="..\..\splinter\knots.cpp" />
    <ClCompile Include="..\..\splinter\mykroneckerproduct.cpp" />
    <ClCompile Include="..\..\splinter\serializer.cpp" />
    <ClCompile Include="..\..\splinter\utilities.cpp" />
  </ItemGroup>
  <ItemGroup>
    <ClInclude Include="..\..\splinter\bspline.h" />
    <ClInclude Include="..\..\splinter\bsplinebasis.h" />
    <ClInclude Include="..\..\splinter\bsplinebasis1d.h" />
    <ClInclude Include="..\..\splinter\bsplinebuilder.h" />
    <ClInclude Include="..\..\splinter\datapoint.h" />
    <ClInclude Include="..\..\splinter\datatable.h" />
    <ClInclude Include="..\..\splinter\definitions.h" />
    <ClInclude Include="..\..\splinter\function.h" />
    <ClInclude Include="..\..\splinter\knots.h" />
    <ClInclude Include="..\..\splinter\linearsolvers.h" />
    <ClInclude Include="..\..\splinter\mykroneckerproduct.h" />
    <ClInclude Include="..\..\splinter\saveable.h" />
    <ClInclude Include="..\..\splinter\serializer.h" />
    <ClInclude Include="..\..\splinter\utilities.h" />
  </ItemGroup>
</Project>