Microsoft Visual Studio Solution File, Format Version 12.00
# Visual Studio 15
Project("{8BC9CEB8-8B4A-11D0-8D11-00A0C91BC942}") = "ALL_BUILD", "ALL_BUILD.vcxproj", "{CDB20198-58A3-334D-BB09-86115CD55023}"
	ProjectSection(ProjectDependencies) = postProject
		{808B9DCD-C751-3809-9C4A-500523D0EFE6} = {808B9DCD-C751-3809-9C4A-500523D0EFE6}
		{E5E5B71C-6E2A-3F31-A54A-86B08CD27835} = {E5E5B71C-6E2A-3F31-A54A-86B08CD27835}
	EndProjectSection
EndProject
Project("{8BC9CEB8-8B4A-11D0-8D11-00A0C91BC942}") = "ZERO_CHECK", "..\\ZERO_CHECK.vcxproj", "{808B9DCD-C751-3809-9C4A-500523D0EFE6}"
	ProjectSection(ProjectDependencies) = postProject
	EndProjectSection
EndProject
Project("{8BC9CEB8-8B4A-11D0-8D11-00A0C91BC942}") = "lpsolve", "..\lpsolve\lpsolve.vcxproj", "{F3624CB7-273F-3DF7-AD48-18BEA64DAC02}"
	ProjectSection(ProjectDependencies) = postProject
		{808B9DCD-C751-3809-9C4A-500523D0EFE6} = {808B9DCD-C751-3809-9C4A-500523D0EFE6}
	EndProjectSection
EndProject
Project("{8BC9CEB8-8B4A-11D0-8D11-00A0C91BC942}") = "nlopt", "..\nlopt\nlopt.vcxproj", "{5A617109-1B02-36C9-9B35-41AA4ECEB09D}"
	ProjectSection(ProjectDependencies) = postProject
		{808B9DCD-C751-3809-9C4A-500523D0EFE6} = {808B9DCD-C751-3809-9C4A-500523D0EFE6}
	EndProjectSection
EndProject
Project("{8BC9CEB8-8B4A-11D0-8D11-00A0C91BC942}") = "shared", "..\shared\shared.vcxproj", "{0455317D-8CE0-37B0-940A-F2A84D924981}"
	ProjectSection(ProjectDependencies) = postProject
		{808B9DCD-C751-3809-9C4A-500523D0EFE6} = {808B9DCD-C751-3809-9C4A-500523D0EFE6}
	EndProjectSection
EndProject
Project("{8BC9CEB8-8B4A-11D0-8D11-00A0C91BC942}") = "solarpilot", "..\solarpilot\solarpilot.vcxproj", "{ABAD6B84-8914-37EA-903F-60C7743BAB32}"
	ProjectSection(ProjectDependencies) = postProject
		{808B9DCD-C751-3809-9C4A-500523D0EFE6} = {808B9DCD-C751-3809-9C4A-500523D0EFE6}
	EndProjectSection
EndProject
Project("{8BC9CEB8-8B4A-11D0-8D11-00A0C91BC942}") = "splinter", "..\splinter\splinter.vcxproj", "{FD5D2D29-B389-3E19-9F68-6B768F18367B}"
	ProjectSection(ProjectDependencies) = postProject
		{808B9DCD-C751-3809-9C4A-500523D0EFE6} = {808B9DCD-C751-3809-9C4A-500523D0EFE6}
	EndProjectSection
EndProject
Project("{8BC9CEB8-8B4A-11D0-8D11-00A0C91BC942}") = "ssc", "ssc.vcxproj", "{E5E5B71C-6E2A-3F31-A54A-86B08CD27835}"
	ProjectSection(ProjectDependencies) = postProject
		{808B9DCD-C751-3809-9C4A-500523D0EFE6} = {808B9DCD-C751-3809-9C4A-500523D0EFE6}
		{F3624CB7-273F-3DF7-AD48-18BEA64DAC02} = {F3624CB7-273F-3DF7-AD48-18BEA64DAC02}
		{5A617109-1B02-36C9-9B35-41AA4ECEB09D} = {5A617109-1B02-36C9-9B35-41AA4ECEB09D}
		{0455317D-8CE0-37B0-940A-F2A84D924981} = {0455317D-8CE0-37B0-940A-F2A84D924981}
		{ABAD6B84-8914-37EA-903F-60C7743BAB32} = {ABAD6B84-8914-37EA-903F-60C7743BAB32}
		{FD5D2D29-B389-3E19-9F68-6B768F18367B} = {FD5D2D29-B389-3E19-9F68-6B768F18367B}
		{60CD05B4-E93B-343C-BE8A-48F925E0DA19} = {60CD05B4-E93B-343C-BE8A-48F925E0DA19}
	EndProjectSection
EndProject
Project("{8BC9CEB8-8B4A-11D0-8D11-00A0C91BC942}") = "tcs", "..\tcs\tcs.vcxproj", "{60CD05B4-E93B-343C-BE8A-48F925E0DA19}"
	ProjectSection(ProjectDependencies) = postProject
		{808B9DCD-C751-3809-9C4A-500523D0EFE6} = {808B9DCD-C751-3809-9C4A-500523D0EFE6}
	EndProjectSection
EndProject
Global
	GlobalSection(SolutionConfigurationPlatforms) = preSolution
		Debug|x64 = Debug|x64
		Release|x64 = Release|x64
	EndGlobalSection
	GlobalSection(ProjectConfigurationPlatforms) = postSolution
		{CDB20198-58A3-334D-BB09-86115CD55023}.Debug|x64.ActiveCfg = Debug|x64
		{CDB20198-58A3-334D-BB09-86115CD55023}.Release|x64.ActiveCfg = Release|x64
		{808B9DCD-C751-3809-9C4A-500523D0EFE6}.Debug|x64.ActiveCfg = Debug|x64
		{808B9DCD-C751-3809-9C4A-500523D0EFE6}.Debug|x64.Build.0 = Debug|x64
		{808B9DCD-C751-3809-9C4A-500523D0EFE6}.Release|x64.ActiveCfg = Release|x64
		{808B9DCD-C751-3809-9C4A-500523D0EFE6}.Release|x64.Build.0 = Release|x64
		{F3624CB7-273F-3DF7-AD48-18BEA64DAC02}.Debug|x64.ActiveCfg = Debug|x64
		{F3624CB7-273F-3DF7-AD48-18BEA64DAC02}.Debug|x64.Build.0 = Debug|x64
		{F3624CB7-273F-3DF7-AD48-18BEA64DAC02}.Release|x64.ActiveCfg = Release|x64
		{F3624CB7-273F-3DF7-AD48-18BEA64DAC02}.Release|x64.Build.0 = Release|x64
		{5A617109-1B02-36C9-9B35-41AA4ECEB09D}.Debug|x64.ActiveCfg = Debug|x64
		{5A617109-1B02-36C9-9B35-41AA4ECEB09D}.Debug|x64.Build.0 = Debug|x64
		{5A617109-1B02-36C9-9B35-41AA4ECEB09D}.Release|x64.ActiveCfg = Release|x64
		{5A617109-1B02-36C9-9B35-41AA4ECEB09D}.Release|x64.Build.0 = Release|x64
		{0455317D-8CE0-37B0-940A-F2A84D924981}.Debug|x64.ActiveCfg = Debug|x64
		{0455317D-8CE0-37B0-940A-F2A84D924981}.Debug|x64.Build.0 = Debug|x64
		{0455317D-8CE0-37B0-940A-F2A84D924981}.Release|x64.ActiveCfg = Release|x64
		{0455317D-8CE0-37B0-940A-F2A84D924981}.Release|x64.Build.0 = Release|x64
		{ABAD6B84-8914-37EA-903F-60C7743BAB32}.Debug|x64.ActiveCfg = Debug|x64
		{ABAD6B84-8914-37EA-903F-60C7743BAB32}.Debug|x64.Build.0 = Debug|x64
		{ABAD6B84-8914-37EA-903F-60C7743BAB32}.Release|x64.ActiveCfg = Release|x64
		{ABAD6B84-8914-37EA-903F-60C7743BAB32}.Release|x64.Build.0 = Release|x64
		{FD5D2D29-B389-3E19-9F68-6B768F18367B}.Debug|x64.ActiveCfg = Debug|x64
		{FD5D2D29-B389-3E19-9F68-6B768F18367B}.Debug|x64.Build.0 = Debug|x64
		{FD5D2D29-B389-3E19-9F68-6B768F18367B}.Release|x64.ActiveCfg = Release|x64
		{FD5D2D29-B389-3E19-9F68-6B768F18367B}.Release|x64.Build.0 = Release|x64
		{E5E5B71C-6E2A-3F31-A54A-86B08CD27835}.Debug|x64.ActiveCfg = Debug|x64
		{E5E5B71C-6E2A-3F31-A54A-86B08CD27835}.Debug|x64.Build.0 = Debug|x64
		{E5E5B71C-6E2A-3F31-A54A-86B08CD27835}.Release|x64.ActiveCfg = Release|x64
		{E5E5B71C-6E2A-3F31-A54A-86B08CD27835}.Release|x64.Build.0 = Release|x64
		{60CD05B4-E93B-343C-BE8A-48F925E0DA19}.Debug|x64.ActiveCfg = Debug|x64
		{60CD05B4-E93B-343C-BE8A-48F925E0DA19}.Debug|x64.Build.0 = Debug|x64
		{60CD05B4-E93B-343C-BE8A-48F925E0DA19}.Release|x64.ActiveCfg = Release|x64
		{60CD05B4-E93B-343C-BE8A-48F925E0DA19}.Release|x64.Build.0 = Release|x64
	EndGlobalSection
	GlobalSection(ExtensibilityGlobals) = postSolution
		SolutionGuid = {C4ED73D9-578A-3DB3-AAFD-BF8E104A5BC9}
	EndGlobalSection
	GlobalSection(ExtensibilityAddIns) = postSolution
	EndGlobalSection
EndGlobal
