<?xml version="1.0" encoding="utf-8"?>
<Project ToolsVersion="4.0" xmlns="http://schemas.microsoft.com/developer/msbuild/2003">
  <ItemGroup>
    <ClCompile Include="..\test\main.cpp" />
    <ClCompile Include="..\test\shared_test\lib_battery_test.cpp">
      <Filter>shared_test</Filter>
    </ClCompile>
    <ClCompile Include="..\test\shared_test\lib_irradproc_test.cpp">
      <Filter>shared_test</Filter>
    </ClCompile>
    <ClCompile Include="..\test\shared_test\lib_weatherfile_test.cpp">
      <Filter>shared_test</Filter>
    </ClCompile>
    <ClCompile Include="..\test\tcs_test\csp_solver_core_test.cpp">
      <Filter>tcs_test</Filter>
    </ClCompile>
    <ClCompile Include="..\test\input_cases\tcs_trough_physical_input.cpp">
      <Filter>input_cases</Filter>
    </ClCompile>
    <ClCompile Include="..\test\input_cases\weather_inputs.cpp">
      <Filter>input_cases</Filter>
    </ClCompile>
    <ClCompile Include="..\test\ssc_test\cmod_windpower_test.cpp">
      <Filter>ssc_test</Filter>
    </ClCompile>
    <ClCompile Include="..\test\shared_test\lib_windwakemodel_test.cpp">
      <Filter>shared_test</Filter>
    </ClCompile>
    <ClCompile Include="..\test\shared_test\lib_windwatts_test.cpp">
      <Filter>shared_test</Filter>
    </ClCompile>
    <ClCompile Include="..\test\ssc_test\cmod_pvsamv1_test.cpp">
      <Filter>ssc_test</Filter>
    </ClCompile>
    <ClCompile Include="..\test\shared_test\lib_util_test.cpp">
      <Filter>shared_test</Filter>
    </ClCompile>
    <ClCompile Include="..\test\shared_test\lib_windfile_test.cpp">
      <Filter>shared_test</Filter>
    </ClCompile>
    <ClCompile Include="..\test\ssc_test\cmod_pvwattsv5_test.cpp">
      <Filter>ssc_test</Filter>
    </ClCompile>
    <ClCompile Include="..\test\shared_test\lib_battery_powerflow_test.cpp">
      <Filter>shared_test</Filter>
    </ClCompile>
    <ClCompile Include="..\test\ssc_test\cmod_windpower_test2.cpp">
      <Filter>ssc_test</Filter>
    </ClCompile>
    <ClCompile Include="..\test\ssc_test\cmod_tcstrough_physical_test.cpp">
      <Filter>ssc_test</Filter>
    </ClCompile>
    <ClCompile Include="..\test\ssc_test\computeModuleTest.cpp">
      <Filter>ssc_test</Filter>
    </ClCompile>
    <ClCompile Include="..\test\shared_test\lib_shared_inverter_test.cpp">
      <Filter>shared_test</Filter>
    </ClCompile>
    <ClCompile Include="..\test\ssc_test\cmod_pvyield_test.cpp">
      <Filter>ssc_test</Filter>
    </ClCompile>
  </ItemGroup>
  <ItemGroup>
    <Filter Include="shared_test">
      <UniqueIdentifier>{f0304833-ae1a-4dbb-b3db-5f58aa345e84}</UniqueIdentifier>
    </Filter>
    <Filter Include="tcs_test">
      <UniqueIdentifier>{1cc2e62c-0eb5-4698-8e7b-5080b6c53260}</UniqueIdentifier>
    </Filter>
    <Filter Include="input_cases">
      <UniqueIdentifier>{dae382de-6248-4707-8ee6-16c962050fe1}</UniqueIdentifier>
    </Filter>
    <Filter Include="ssc_test">
      <UniqueIdentifier>{a72ae90f-81f5-484b-95a8-e25e2bff9289}</UniqueIdentifier>
    </Filter>
  </ItemGroup>
  <ItemGroup>
    <ClInclude Include="..\test\input_cases\tcs_trough_physical_input.h">
      <Filter>input_cases</Filter>
    </ClInclude>
    <ClInclude Include="..\test\input_cases\weather_inputs.h">
      <Filter>input_cases</Filter>
    </ClInclude>
    <ClInclude Include="..\test\ssc_test\cmod_windpower_test.h">
      <Filter>ssc_test</Filter>
    </ClInclude>
    <ClInclude Include="..\test\shared_test\lib_windwakemodel_test.h">
      <Filter>shared_test</Filter>
    </ClInclude>
    <ClInclude Include="..\test\ssc_test\cmod_pvsamv1_test.h">
      <Filter>ssc_test</Filter>
    </ClInclude>
    <ClInclude Include="..\test\input_cases\code_generator_utilities.h">
      <Filter>input_cases</Filter>
    </ClInclude>
    <ClInclude Include="..\test\input_cases\pvsamv1_cases.h">
      <Filter>input_cases</Filter>
    </ClInclude>
    <ClInclude Include="..\test\ssc_test\cmod_pvwattsv5_test.h">
      <Filter>ssc_test</Filter>
    </ClInclude>
    <ClInclude Include="..\test\input_cases\pvwattsv5_cases.h">
      <Filter>input_cases</Filter>
    </ClInclude>
    <ClInclude Include="..\test\input_cases\windpower_cases.h">
      <Filter>input_cases</Filter>
    </ClInclude>
    <ClInclude Include="..\test\input_cases\pvsamv1_common_data.h">
      <Filter>input_cases</Filter>
    </ClInclude>
    <ClInclude Include="..\test\shared_test\lib_battery_powerflow_test.h">
      <Filter>shared_test</Filter>
    </ClInclude>
    <ClInclude Include="..\test\ssc_test\computeModuleTest.h">
      <Filter>ssc_test</Filter>
    </ClInclude>
    <ClInclude Include="..\test\ssc_test\simulation_test_info.h">
      <Filter>ssc_test</Filter>
    </ClInclude>
    <ClInclude Include="..\test\shared_test\lib_irradproc_test.h">
      <Filter>shared_test</Filter>
    </ClInclude>
    <ClInclude Include="..\test\input_cases\pvyield_cases.h">
      <Filter>input_cases</Filter>
    </ClInclude>
    <ClInclude Include="..\test\ssc_test\cmod_pvyield_test.h">
      <Filter>ssc_test</Filter>
    </ClInclude>
    <ClInclude Include="..\test\input_cases\pvyield_common_data.h">
      <Filter>input_cases</Filter>
    </ClInclude>
  </ItemGroup>
</Project>