<?xml version="1.0" encoding="utf-8"?>
<Project ToolsVersion="4.0" xmlns="http://schemas.microsoft.com/developer/msbuild/2003">
  <ItemGroup>
    <ClCompile Include="..\test\main.cpp" />
    <ClCompile Include="..\test\splinter_test\splinter_test.cpp">
      <Filter>splinter_test</Filter>
    </ClCompile>
    <ClCompile Include="..\test\input_cases\weather_inputs.cpp">
      <Filter>input_cases</Filter>
    </ClCompile>
    <ClCompile Include="..\test\shared_test\lib_battery_dispatch_test.cpp">
      <Filter>shared_test</Filter>
    </ClCompile>
    <ClCompile Include="..\test\shared_test\lib_battery_powerflow_test.cpp">
      <Filter>shared_test</Filter>
    </ClCompile>
    <ClCompile Include="..\test\shared_test\lib_battery_test.cpp">
      <Filter>shared_test</Filter>
    </ClCompile>
    <ClCompile Include="..\test\shared_test\lib_csp_test.cpp">
      <Filter>shared_test</Filter>
    </ClCompile>
    <ClCompile Include="..\test\shared_test\lib_fuel_cell_test.cpp">
      <Filter>shared_test</Filter>
    </ClCompile>
    <ClCompile Include="..\test\shared_test\lib_geothermal_test.cpp">
      <Filter>shared_test</Filter>
    </ClCompile>
    <ClCompile Include="..\test\shared_test\lib_irradproc_test.cpp">
      <Filter>shared_test</Filter>
    </ClCompile>
    <ClCompile Include="..\test\shared_test\lib_shared_inverter_test.cpp">
      <Filter>shared_test</Filter>
    </ClCompile>
    <ClCompile Include="..\test\shared_test\lib_time_test.cpp">
      <Filter>shared_test</Filter>
    </ClCompile>
    <ClCompile Include="..\test\shared_test\lib_util_test.cpp">
      <Filter>shared_test</Filter>
    </ClCompile>
    <ClCompile Include="..\test\shared_test\lib_weatherfile_test.cpp">
      <Filter>shared_test</Filter>
    </ClCompile>
    <ClCompile Include="..\test\shared_test\lib_windfile_test.cpp">
      <Filter>shared_test</Filter>
    </ClCompile>
    <ClCompile Include="..\test\shared_test\lib_windwakemodel_test.cpp">
      <Filter>shared_test</Filter>
    </ClCompile>
    <ClCompile Include="..\test\shared_test\lib_windwatts_test.cpp">
      <Filter>shared_test</Filter>
    </ClCompile>
    <ClCompile Include="..\test\ssc_test\cmod_battery_test.cpp">
      <Filter>ssc_test</Filter>
    </ClCompile>
    <ClCompile Include="..\test\ssc_test\cmod_biomass_test.cpp">
      <Filter>ssc_test</Filter>
    </ClCompile>
    <ClCompile Include="..\test\ssc_test\cmod_fuelcell_test.cpp">
      <Filter>ssc_test</Filter>
    </ClCompile>
    <ClCompile Include="..\test\ssc_test\cmod_generic_test.cpp">
      <Filter>ssc_test</Filter>
    </ClCompile>
    <ClCompile Include="..\test\ssc_test\cmod_geothermal_costs_test.cpp">
      <Filter>ssc_test</Filter>
    </ClCompile>
    <ClCompile Include="..\test\ssc_test\cmod_geothermal_test.cpp">
      <Filter>ssc_test</Filter>
    </ClCompile>
    <ClCompile Include="..\test\ssc_test\cmod_grid_test.cpp">
      <Filter>ssc_test</Filter>
    </ClCompile>
    <ClCompile Include="..\test\ssc_test\cmod_pvsamv1_test.cpp">
      <Filter>ssc_test</Filter>
    </ClCompile>
    <ClCompile Include="..\test\ssc_test\cmod_pvwattsv5_test.cpp">
      <Filter>ssc_test</Filter>
    </ClCompile>
    <ClCompile Include="..\test\ssc_test\cmod_pvyield_test.cpp">
      <Filter>ssc_test</Filter>
    </ClCompile>
    <ClCompile Include="..\test\ssc_test\cmod_swh_test.cpp">
      <Filter>ssc_test</Filter>
    </ClCompile>
    <ClCompile Include="..\test\ssc_test\cmod_tcsdirect_steam_test.cpp">
      <Filter>ssc_test</Filter>
    </ClCompile>
    <ClCompile Include="..\test\ssc_test\cmod_tcsmolten_salt_test.cpp">
      <Filter>ssc_test</Filter>
    </ClCompile>
    <ClCompile Include="..\test\ssc_test\cmod_trough_physical_iph_test.cpp">
      <Filter>ssc_test</Filter>
    </ClCompile>
    <ClCompile Include="..\test\ssc_test\cmod_trough_physical_test.cpp">
      <Filter>ssc_test</Filter>
    </ClCompile>
    <ClCompile Include="..\test\ssc_test\cmod_windpower_test.cpp">
      <Filter>ssc_test</Filter>
    </ClCompile>
    <ClCompile Include="..\test\ssc_test\cmod_mhk_tidal_test.cpp">
      <Filter>ssc_test</Filter>
    </ClCompile>
    <ClCompile Include="..\test\ssc_test\cmod_mhk_wave_test.cpp">
      <Filter>ssc_test</Filter>
    </ClCompile>
    <ClCompile Include="..\test\ssc_test\cmod_grid_test.cpp">
      <Filter>ssc_test</Filter>
    </ClCompile>
    <ClCompile Include="..\test\tcs_test\csp_solver_core_test.cpp">
      <Filter>tcs_test</Filter>
    </ClCompile>
    <ClCompile Include="..\test\ssc_test\cmod_tcstrough_empirical_test.cpp">
      <Filter>ssc_test</Filter>
    </ClCompile>
    <ClCompile Include="..\test\ssc_test\cmod_tcsfresnel_molten_salt_test.cpp">
      <Filter>ssc_test</Filter>
    </ClCompile>
    <ClCompile Include="..\test\tcs_test\lib_trough_test.cpp">
      <Filter>tcs_test</Filter>
    </ClCompile>
    <ClCompile Include="..\test\ssc_test\cmod_battwatts_test.cpp">
      <Filter>ssc_test</Filter>
    </ClCompile>
    <ClCompile Include="..\test\shared_test\lib_resilience_test.cpp">
      <Filter>shared_test</Filter>
    </ClCompile>
  </ItemGroup>
  <ItemGroup>
    <ClInclude Include="..\test\input_cases\battery_common_data.h">
      <Filter>input_cases</Filter>
    </ClInclude>
    <ClInclude Include="..\test\input_cases\biomass_common.h">
      <Filter>input_cases</Filter>
    </ClInclude>
    <ClInclude Include="..\test\input_cases\code_generator_utilities.h">
      <Filter>input_cases</Filter>
    </ClInclude>
    <ClInclude Include="..\test\input_cases\fuelcell_common_data.h">
      <Filter>input_cases</Filter>
    </ClInclude>
    <ClInclude Include="..\test\input_cases\generic_common_data.h">
      <Filter>input_cases</Filter>
    </ClInclude>
    <ClInclude Include="..\test\input_cases\grid_common_data.h">
      <Filter>input_cases</Filter>
    </ClInclude>
    <ClInclude Include="..\test\input_cases\pvsamv1_cases.h">
      <Filter>input_cases</Filter>
    </ClInclude>
    <ClInclude Include="..\test\input_cases\pvsamv1_common_data.h">
      <Filter>input_cases</Filter>
    </ClInclude>
    <ClInclude Include="..\test\input_cases\pvwattsv5_cases.h">
      <Filter>input_cases</Filter>
    </ClInclude>
    <ClInclude Include="..\test\input_cases\pvyield_cases.h">
      <Filter>input_cases</Filter>
    </ClInclude>
    <ClInclude Include="..\test\input_cases\pvyield_common_data.h">
      <Filter>input_cases</Filter>
    </ClInclude>
    <ClInclude Include="..\test\input_cases\swh_common.h">
      <Filter>input_cases</Filter>
    </ClInclude>
    <ClInclude Include="..\test\input_cases\weather_inputs.h">
      <Filter>input_cases</Filter>
    </ClInclude>
    <ClInclude Include="..\test\input_cases\windpower_cases.h">
      <Filter>input_cases</Filter>
    </ClInclude>
    <ClInclude Include="..\test\shared_test\lib_battery_dispatch_test.h">
      <Filter>shared_test</Filter>
    </ClInclude>
    <ClInclude Include="..\test\shared_test\lib_battery_powerflow_test.h">
      <Filter>shared_test</Filter>
    </ClInclude>
    <ClInclude Include="..\test\shared_test\lib_battery_properties.h">
      <Filter>shared_test</Filter>
    </ClInclude>
    <ClInclude Include="..\test\shared_test\lib_battery_test.h">
      <Filter>shared_test</Filter>
    </ClInclude>
    <ClInclude Include="..\test\shared_test\lib_csp_test.h">
      <Filter>shared_test</Filter>
    </ClInclude>
    <ClInclude Include="..\test\shared_test\lib_fuel_cell_test.h">
      <Filter>shared_test</Filter>
    </ClInclude>
    <ClInclude Include="..\test\shared_test\lib_geothermal_test.h">
      <Filter>shared_test</Filter>
    </ClInclude>
    <ClInclude Include="..\test\shared_test\lib_irradproc_test.h">
      <Filter>shared_test</Filter>
    </ClInclude>
    <ClInclude Include="..\test\shared_test\lib_time_test.h">
      <Filter>shared_test</Filter>
    </ClInclude>
    <ClInclude Include="..\test\shared_test\lib_windwakemodel_test.h">
      <Filter>shared_test</Filter>
    </ClInclude>
    <ClInclude Include="..\test\ssc_test\cmod_battery_test.h">
      <Filter>ssc_test</Filter>
    </ClInclude>
    <ClInclude Include="..\test\ssc_test\cmod_biomass_test.h">
      <Filter>ssc_test</Filter>
    </ClInclude>
    <ClInclude Include="..\test\ssc_test\cmod_fuelcell_test.h">
      <Filter>ssc_test</Filter>
    </ClInclude>
    <ClInclude Include="..\test\ssc_test\cmod_generic_test.h">
      <Filter>ssc_test</Filter>
    </ClInclude>
    <ClInclude Include="..\test\ssc_test\cmod_geothermal_costs_test.h">
      <Filter>ssc_test</Filter>
    </ClInclude>
    <ClInclude Include="..\test\ssc_test\cmod_geothermal_test.h">
      <Filter>ssc_test</Filter>
    </ClInclude>
    <ClInclude Include="..\test\ssc_test\cmod_grid_test.h">
      <Filter>ssc_test</Filter>
    </ClInclude>
    <ClInclude Include="..\test\ssc_test\cmod_pvsamv1_test.h">
      <Filter>ssc_test</Filter>
    </ClInclude>
    <ClInclude Include="..\test\ssc_test\cmod_pvwattsv5_test.h">
      <Filter>ssc_test</Filter>
    </ClInclude>
    <ClInclude Include="..\test\ssc_test\cmod_pvyield_test.h">
      <Filter>ssc_test</Filter>
    </ClInclude>
    <ClInclude Include="..\test\ssc_test\cmod_swh_test.h">
      <Filter>ssc_test</Filter>
    </ClInclude>
    <ClInclude Include="..\test\ssc_test\cmod_tcsdirect_steam_test.h">
      <Filter>ssc_test</Filter>
    </ClInclude>
    <ClInclude Include="..\test\ssc_test\cmod_tcsmolten_salt_test.h">
      <Filter>ssc_test</Filter>
    </ClInclude>
    <ClInclude Include="..\test\ssc_test\cmod_trough_physical_iph_test.h">
      <Filter>ssc_test</Filter>
    </ClInclude>
    <ClInclude Include="..\test\ssc_test\cmod_trough_physical_test.h">
      <Filter>ssc_test</Filter>
    </ClInclude>
    <ClInclude Include="..\test\ssc_test\cmod_windpower_test.h">
      <Filter>ssc_test</Filter>
    </ClInclude>
    <ClInclude Include="..\test\input_cases\geothermal_common_data.h">
      <Filter>input_cases</Filter>
    </ClInclude>
    <ClInclude Include="..\test\input_cases\geothermal_costs_common_data.h">
      <Filter>input_cases</Filter>
    </ClInclude>
    <ClInclude Include="..\test\tcs_test\tcsdirect_steam_cases.h">
      <Filter>tcs_test</Filter>
    </ClInclude>
    <ClInclude Include="..\test\tcs_test\tcsdirect_steam_common_data.h">
      <Filter>tcs_test</Filter>
    </ClInclude>
    <ClInclude Include="..\test\tcs_test\tcsmolten_salt_cases.h">
      <Filter>tcs_test</Filter>
    </ClInclude>
    <ClInclude Include="..\test\tcs_test\tcsmolten_salt_common_data.h">
      <Filter>tcs_test</Filter>
    </ClInclude>
    <ClInclude Include="..\test\tcs_test\trough_physical_cases.h">
      <Filter>tcs_test</Filter>
    </ClInclude>
    <ClInclude Include="..\test\tcs_test\trough_physical_common_data.h">
      <Filter>tcs_test</Filter>
    </ClInclude>
    <ClInclude Include="..\test\tcs_test\trough_physical_iph_cases.h">
      <Filter>tcs_test</Filter>
    </ClInclude>
    <ClInclude Include="..\test\tcs_test\trough_physical_iph_common_data.h">
      <Filter>tcs_test</Filter>
    </ClInclude>
    <ClInclude Include="..\test\input_cases\generic_common_data.h">
      <Filter>input_cases</Filter>
    </ClInclude>
    <ClInclude Include="..\test\shared_test\lib_time_test.h">
      <Filter>shared_test</Filter>
    </ClInclude>
    <ClInclude Include="..\test\input_cases\mhk\mhk_tidal_inputs.h">
      <Filter>input_cases</Filter>
    </ClInclude>
    <ClInclude Include="..\test\input_cases\mhk\mhk_wave_inputs.h">
      <Filter>input_cases</Filter>
    </ClInclude>
    <ClInclude Include="..\test\ssc_test\cmod_mhk_wave_test.h">
      <Filter>ssc_test</Filter>
    </ClInclude>
    <ClInclude Include="..\test\ssc_test\cmod_mhk_tidal_test.h">
      <Filter>ssc_test</Filter>
    </ClInclude>
    <ClInclude Include="..\test\ssc_test\cmod_grid_test.h">
      <Filter>ssc_test</Filter>
    </ClInclude>
    <ClInclude Include="..\test\tcs_test\tcstrough_empirical_cases.h">
      <Filter>tcs_test</Filter>
    </ClInclude>
    <ClInclude Include="..\test\tcs_test\tcstrough_empirical_common_data.h">
      <Filter>tcs_test</Filter>
    </ClInclude>
    <ClInclude Include="..\test\tcs_test\tcsfresnel_molten_salt_common_data.h">
      <Filter>tcs_test</Filter>
    </ClInclude>
    <ClInclude Include="..\test\tcs_test\tcsfresnel_molten_salt_cases.h">
      <Filter>tcs_test</Filter>
    </ClInclude>
    <ClInclude Include="..\test\ssc_test\cmod_tcsfresnel_molten_salt_test.h">
      <Filter>ssc_test</Filter>
    </ClInclude>
    <ClInclude Include="..\test\tcs_test\lib_trough_properties.h">
      <Filter>tcs_test</Filter>
    </ClInclude>
    <ClInclude Include="..\test\tcs_test\lib_trough_test.h">
      <Filter>tcs_test</Filter>
    </ClInclude>
    <ClInclude Include="..\test\ssc_test\cmod_tcstrough_empirical_test.h">
      <Filter>ssc_test</Filter>
    </ClInclude>
  </ItemGroup>
  <ItemGroup>
    <Filter Include="input_cases">
      <UniqueIdentifier>{d4244e37-41d5-4267-a9d3-4d66c807f8f0}</UniqueIdentifier>
    </Filter>
    <Filter Include="shared_test">
      <UniqueIdentifier>{af0aadf3-3fc2-4a48-bef3-0b8879b15b0c}</UniqueIdentifier>
    </Filter>
    <Filter Include="splinter_test">
      <UniqueIdentifier>{6b0468ad-5b82-426e-b6e5-423e91d32914}</UniqueIdentifier>
    </Filter>
    <Filter Include="ssc_test">
      <UniqueIdentifier>{49e6c8bd-6d00-4113-85c0-7599adc6e5b1}</UniqueIdentifier>
    </Filter>
    <Filter Include="tcs_test">
      <UniqueIdentifier>{af65529c-c8b2-4be4-a8d5-9b2ce41124f1}</UniqueIdentifier>
    </Filter>
  </ItemGroup>
</Project>